
Microsoft Visual Studio Solution File, Format Version 12.00
# Visual Studio Version 17
VisualStudioVersion = 17.3.32819.101
MinimumVisualStudioVersion = 10.0.40219.1
Project("{FAE04EC0-301F-11D3-BF4B-00C04F79EFBC}") = "PhoneBookConsole", "PhoneBookConsole\PhoneBookConsole.csproj", "{BA7B1FBC-BCEB-4A0C-8436-9B4DE2AE6AA9}"
EndProject
Global
	GlobalSection(SolutionConfigurationPlatforms) = preSolution
		Debug|Any CPU = Debug|Any CPU
		Release|Any CPU = Release|Any CPU
	EndGlobalSection
	GlobalSection(ProjectConfigurationPlatforms) = postSolution
		{BA7B1FBC-BCEB-4A0C-8436-9B4DE2AE6AA9}.Debug|Any CPU.ActiveCfg = Debug|Any CPU
		{BA7B1FBC-BCEB-4A0C-8436-9B4DE2AE6AA9}.Debug|Any CPU.Build.0 = Debug|Any CPU
		{BA7B1FBC-BCEB-4A0C-8436-9B4DE2AE6AA9}.Release|Any CPU.ActiveCfg = Release|Any CPU
		{BA7B1FBC-BCEB-4A0C-8436-9B4DE2AE6AA9}.Release|Any CPU.Build.0 = Release|Any CPU
	EndGlobalSection
	GlobalSection(SolutionProperties) = preSolution
		HideSolutionNode = FALSE
	EndGlobalSection
	GlobalSection(ExtensibilityGlobals) = postSolution
		SolutionGuid = {28BAF573-36FA-4C8A-9CBD-1227CA34EA14}
	EndGlobalSection
EndGlobal
